
Microsoft Visual Studio Solution File, Format Version 12.00
# Visual Studio Version 17
VisualStudioVersion = 17.3.32929.385
MinimumVisualStudioVersion = 10.0.40219.1
Project("{FAE04EC0-301F-11D3-BF4B-00C04F79EFBC}") = "Calculatrice", "Calculatrice\Calculatrice.csproj", "{D53C71EA-78AC-49B5-B488-7249F216ABD0}"
EndProject
Global
	GlobalSection(SolutionConfigurationPlatforms) = preSolution
		Debug|Any CPU = Debug|Any CPU
		Release|Any CPU = Release|Any CPU
	EndGlobalSection
	GlobalSection(ProjectConfigurationPlatforms) = postSolution
		{D53C71EA-78AC-49B5-B488-7249F216ABD0}.Debug|Any CPU.ActiveCfg = Debug|Any CPU
		{D53C71EA-78AC-49B5-B488-7249F216ABD0}.Debug|Any CPU.Build.0 = Debug|Any CPU
		{D53C71EA-78AC-49B5-B488-7249F216ABD0}.Release|Any CPU.ActiveCfg = Release|Any CPU
		{D53C71EA-78AC-49B5-B488-7249F216ABD0}.Release|Any CPU.Build.0 = Release|Any CPU
	EndGlobalSection
	GlobalSection(SolutionProperties) = preSolution
		HideSolutionNode = FALSE
	EndGlobalSection
	GlobalSection(ExtensibilityGlobals) = postSolution
		SolutionGuid = {F1F7C4B6-36CC-4349-9E0C-185AD8C5259E}
	EndGlobalSection
EndGlobal
